{
  "name": "FactorioSurfaceExport",
  "lockfileVersion": 3,
  "requires": true,
  "packages": {
    "": {
      "devDependencies": {
        "rcon-client": "^4.2.5"
      }
    },
    "node_modules/rcon-client": {
      "version": "4.2.5",
      "resolved": "https://registry.npmjs.org/rcon-client/-/rcon-client-4.2.5.tgz",
      "integrity": "sha512-AnX1GU/ZTlwtYup3H6h0J1hwfP3OYltXVe+8ReBzmNEepX3xGH8nDg7gYqT5Y9rpAS/LmQ48h0BKINt1YGd8bA==",
      "dev": true,
      "license": "MIT",
      "dependencies": {
        "typed-emitter": "^0.1.0"
      }
    },
    "node_modules/typed-emitter": {
      "version": "0.1.0",
      "resolved": "https://registry.npmjs.org/typed-emitter/-/typed-emitter-0.1.0.tgz",
      "integrity": "sha512-Tfay0l6gJMP5rkil8CzGbLthukn+9BN/VXWcABVFPjOoelJ+koW8BuPZYk+h/L+lEeIp1fSzVRiWRPIjKVjPdg==",
      "dev": true,
      "license": "MIT"
    }
  }
}
